
Microsoft Visual Studio Solution File, Format Version 12.00
# Visual Studio 14
VisualStudioVersion = 14.0.25420.1
MinimumVisualStudioVersion = 10.0.40219.1
Project("{FAE04EC0-301F-11D3-BF4B-00C04F79EFBC}") = "PotterBookStore", "TDD_Day2_PotterShoppingCart\PotterBookStore.csproj", "{EC39DCD5-2011-46DC-BFDE-8AB4970C5629}"
EndProject
Project("{FAE04EC0-301F-11D3-BF4B-00C04F79EFBC}") = "PotterBookStoreTests", "PotterShoppingCartTests\PotterBookStoreTests.csproj", "{ABDB30D0-0E26-4186-8477-1012D0368036}"
EndProject
Global
	GlobalSection(SolutionConfigurationPlatforms) = preSolution
		Debug|Any CPU = Debug|Any CPU
		Release|Any CPU = Release|Any CPU
	EndGlobalSection
	GlobalSection(ProjectConfigurationPlatforms) = postSolution
		{EC39DCD5-2011-46DC-BFDE-8AB4970C5629}.Debug|Any CPU.ActiveCfg = Debug|Any CPU
		{EC39DCD5-2011-46DC-BFDE-8AB4970C5629}.Debug|Any CPU.Build.0 = Debug|Any CPU
		{EC39DCD5-2011-46DC-BFDE-8AB4970C5629}.Release|Any CPU.ActiveCfg = Release|Any CPU
		{EC39DCD5-2011-46DC-BFDE-8AB4970C5629}.Release|Any CPU.Build.0 = Release|Any CPU
		{ABDB30D0-0E26-4186-8477-1012D0368036}.Debug|Any CPU.ActiveCfg = Debug|Any CPU
		{ABDB30D0-0E26-4186-8477-1012D0368036}.Debug|Any CPU.Build.0 = Debug|Any CPU
		{ABDB30D0-0E26-4186-8477-1012D0368036}.Release|Any CPU.ActiveCfg = Release|Any CPU
		{ABDB30D0-0E26-4186-8477-1012D0368036}.Release|Any CPU.Build.0 = Release|Any CPU
	EndGlobalSection
	GlobalSection(SolutionProperties) = preSolution
		HideSolutionNode = FALSE
	EndGlobalSection
EndGlobal
